
Microsoft Visual Studio Solution File, Format Version 12.00
# Visual Studio Version 17
VisualStudioVersion = 17.1.32407.343
MinimumVisualStudioVersion = 10.0.40219.1
Project("{FAE04EC0-301F-11D3-BF4B-00C04F79EFBC}") = "PlayoffsApi.Application", "PlayoffsApi.Application\PlayoffsApi.Application.csproj", "{1C449600-48B6-4572-893A-0FF37E687B67}"
EndProject
Global
	GlobalSection(SolutionConfigurationPlatforms) = preSolution
		Debug|Any CPU = Debug|Any CPU
		Release|Any CPU = Release|Any CPU
	EndGlobalSection
	GlobalSection(ProjectConfigurationPlatforms) = postSolution
		{1C449600-48B6-4572-893A-0FF37E687B67}.Debug|Any CPU.ActiveCfg = Debug|Any CPU
		{1C449600-48B6-4572-893A-0FF37E687B67}.Debug|Any CPU.Build.0 = Debug|Any CPU
		{1C449600-48B6-4572-893A-0FF37E687B67}.Release|Any CPU.ActiveCfg = Release|Any CPU
		{1C449600-48B6-4572-893A-0FF37E687B67}.Release|Any CPU.Build.0 = Release|Any CPU
	EndGlobalSection
	GlobalSection(SolutionProperties) = preSolution
		HideSolutionNode = FALSE
	EndGlobalSection
	GlobalSection(ExtensibilityGlobals) = postSolution
		SolutionGuid = {BA22B759-D01C-416B-8083-5849E1562599}
	EndGlobalSection
EndGlobal
